
Microsoft Visual Studio Solution File, Format Version 12.00
# Visual Studio 15
VisualStudioVersion = 15.0.27428.2043
MinimumVisualStudioVersion = 10.0.40219.1
Project("{FAE04EC0-301F-11D3-BF4B-00C04F79EFBC}") = "DnDCreator", "DnDCreator\DnDCreator.csproj", "{A82694EC-E143-4C09-950C-983754BCF9B9}"
EndProject
Project("{2150E333-8FDC-42A3-9474-1A3956D46DE8}") = "Solution Items", "Solution Items", "{B50FBDC5-73A2-4AD7-A98B-34C1C20C4A36}"
	ProjectSection(SolutionItems) = preProject
		Character.xml = Character.xml
	EndProjectSection
EndProject
Global
	GlobalSection(SolutionConfigurationPlatforms) = preSolution
		Debug|Any CPU = Debug|Any CPU
		Release|Any CPU = Release|Any CPU
	EndGlobalSection
	GlobalSection(ProjectConfigurationPlatforms) = postSolution
		{A82694EC-E143-4C09-950C-983754BCF9B9}.Debug|Any CPU.ActiveCfg = Debug|Any CPU
		{A82694EC-E143-4C09-950C-983754BCF9B9}.Debug|Any CPU.Build.0 = Debug|Any CPU
		{A82694EC-E143-4C09-950C-983754BCF9B9}.Release|Any CPU.ActiveCfg = Release|Any CPU
		{A82694EC-E143-4C09-950C-983754BCF9B9}.Release|Any CPU.Build.0 = Release|Any CPU
	EndGlobalSection
	GlobalSection(SolutionProperties) = preSolution
		HideSolutionNode = FALSE
	EndGlobalSection
	GlobalSection(ExtensibilityGlobals) = postSolution
		SolutionGuid = {DC6F59B5-B452-4A40-B0CD-5846A77BDA85}
	EndGlobalSection
EndGlobal
